{
  "name": "post-mate.dev",
  "version": "1.0.0",
  "lockfileVersion": 1,
  "requires": true,
  "dependencies": {
    "postmate": {
      "version": "1.5.2",
      "resolved": "https://registry.npmjs.org/postmate/-/postmate-1.5.2.tgz",
      "integrity": "sha512-EHLlEmrUA/hALls49oBrtE7BzDXXjB9EiO4MZpsoO3R/jRuBmD+2WKQuYAbeuVEpTzrPpUTT79z2cz4qaFgPRg=="
    }
  }
}
